{
  "lockfile-version": 1,
  "manifest": {
    "version": 1,
    "install": {
      "cargo": {
        "pkg-path": "cargo"
      },
      "gcc": {
        "pkg-path": "gcc"
      },
      "glibc": {
        "pkg-path": "glibc"
      }
    },
    "hook": {},
    "profile": {},
    "options": {
      "systems": [
        "aarch64-linux",
        "x86_64-linux"
      ]
    },
    "build": {
      "procfd": {
        "command": "  mkdir -p $out/bin\n  cargo build --release\n  cp target/release/procfd $out/bin\n",
        "runtime-packages": [
          "gcc"
        ],
        "version": "0.0.1",
        "description": "Linux lsof replacement to list open file descriptors for processes"
      }
    }
  },
  "packages": [
    {
      "attr_path": "cargo",
      "broken": false,
      "derivation": "/nix/store/bzq554qwqlg31k7vyqsya248fhyly3q5-cargo-1.89.0.drv",
      "description": "Downloads your Rust project's dependencies and builds your project",
      "install_id": "cargo",
      "license": "[ MIT, Apache-2.0 ]",
      "locked_url": "https://github.com/flox/nixpkgs?rev=7df7ff7d8e00218376575f0acdcc5d66741351ee",
      "name": "cargo-1.89.0",
      "pname": "cargo",
      "rev": "7df7ff7d8e00218376575f0acdcc5d66741351ee",
      "rev_count": 870157,
      "rev_date": "2025-10-02T04:57:58Z",
      "scrape_date": "2025-10-03T04:56:38.151753Z",
      "stabilities": [
        "staging",
        "unstable"
      ],
      "unfree": false,
      "version": "1.89.0",
      "outputs_to_install": [
        "out"
      ],
      "outputs": {
        "out": "/nix/store/ahyjafkgyn6zji9qlvv92z8gxmcmaky4-cargo-1.89.0"
      },
      "system": "aarch64-linux",
      "group": "toplevel",
      "priority": 5
    },
    {
      "attr_path": "cargo",
      "broken": false,
      "derivation": "/nix/store/khagjnzspajfyvqp7dsrsb1xrvz9vx95-cargo-1.89.0.drv",
      "description": "Downloads your Rust project's dependencies and builds your project",
      "install_id": "cargo",
      "license": "[ MIT, Apache-2.0 ]",
      "locked_url": "https://github.com/flox/nixpkgs?rev=7df7ff7d8e00218376575f0acdcc5d66741351ee",
      "name": "cargo-1.89.0",
      "pname": "cargo",
      "rev": "7df7ff7d8e00218376575f0acdcc5d66741351ee",
      "rev_count": 870157,
      "rev_date": "2025-10-02T04:57:58Z",
      "scrape_date": "2025-10-03T05:27:31.534511Z",
      "stabilities": [
        "staging",
        "unstable"
      ],
      "unfree": false,
      "version": "1.89.0",
      "outputs_to_install": [
        "out"
      ],
      "outputs": {
        "out": "/nix/store/xq6ns6hdgl7fdshisp5mb65f1jlysm0h-cargo-1.89.0"
      },
      "system": "x86_64-linux",
      "group": "toplevel",
      "priority": 5
    },
    {
      "attr_path": "gcc",
      "broken": false,
      "derivation": "/nix/store/xgd6sn2nbpk6p8hfkwfnaggapfa486id-gcc-wrapper-14.3.0.drv",
      "description": "GNU Compiler Collection, version 14.3.0 (wrapper script)",
      "install_id": "gcc",
      "license": "GPL-3.0-or-later",
      "locked_url": "https://github.com/flox/nixpkgs?rev=7df7ff7d8e00218376575f0acdcc5d66741351ee",
      "name": "gcc-wrapper-14.3.0",
      "pname": "gcc",
      "rev": "7df7ff7d8e00218376575f0acdcc5d66741351ee",
      "rev_count": 870157,
      "rev_date": "2025-10-02T04:57:58Z",
      "scrape_date": "2025-10-03T04:56:39.376769Z",
      "stabilities": [
        "staging",
        "unstable"
      ],
      "unfree": false,
      "version": "14.3.0",
      "outputs_to_install": [
        "man",
        "out"
      ],
      "outputs": {
        "info": "/nix/store/x2q2m245k44wxcskdknl5xdqrsya7fcy-gcc-wrapper-14.3.0-info",
        "man": "/nix/store/f5k9bkq97gqc4ajmbavv3wxdwcqmng64-gcc-wrapper-14.3.0-man",
        "out": "/nix/store/hf8w753nxqwkc5y5kjx33fx8fxw2dczp-gcc-wrapper-14.3.0"
      },
      "system": "aarch64-linux",
      "group": "toplevel",
      "priority": 5
    },
    {
      "attr_path": "gcc",
      "broken": false,
      "derivation": "/nix/store/i9kj1nhzkg91xsq8ny4z4hipl0b42kad-gcc-wrapper-14.3.0.drv",
      "description": "GNU Compiler Collection, version 14.3.0 (wrapper script)",
      "install_id": "gcc",
      "license": "GPL-3.0-or-later",
      "locked_url": "https://github.com/flox/nixpkgs?rev=7df7ff7d8e00218376575f0acdcc5d66741351ee",
      "name": "gcc-wrapper-14.3.0",
      "pname": "gcc",
      "rev": "7df7ff7d8e00218376575f0acdcc5d66741351ee",
      "rev_count": 870157,
      "rev_date": "2025-10-02T04:57:58Z",
      "scrape_date": "2025-10-03T05:27:32.946063Z",
      "stabilities": [
        "staging",
        "unstable"
      ],
      "unfree": false,
      "version": "14.3.0",
      "outputs_to_install": [
        "man",
        "out"
      ],
      "outputs": {
        "info": "/nix/store/12sy2qyk3qir1rg4jdrdnj91jaw50my2-gcc-wrapper-14.3.0-info",
        "man": "/nix/store/ds5j2vvwhdvfgkjp7jnfx82bqswks46x-gcc-wrapper-14.3.0-man",
        "out": "/nix/store/95k9rsn1zsw1yvir8mj824ldhf90i4qw-gcc-wrapper-14.3.0"
      },
      "system": "x86_64-linux",
      "group": "toplevel",
      "priority": 5
    },
    {
      "attr_path": "glibc",
      "broken": false,
      "derivation": "/nix/store/16j7irwfq8alyr69h4v8q28kfc756lll-glibc-2.40-66.drv",
      "description": "GNU C Library",
      "install_id": "glibc",
      "license": "LGPL-2.0-or-later",
      "locked_url": "https://github.com/flox/nixpkgs?rev=7df7ff7d8e00218376575f0acdcc5d66741351ee",
      "name": "glibc-2.40-66",
      "pname": "glibc",
      "rev": "7df7ff7d8e00218376575f0acdcc5d66741351ee",
      "rev_count": 870157,
      "rev_date": "2025-10-02T04:57:58Z",
      "scrape_date": "2025-10-03T04:56:39.578458Z",
      "stabilities": [
        "staging",
        "unstable"
      ],
      "unfree": false,
      "version": "2.40-66",
      "outputs_to_install": [
        "bin"
      ],
      "outputs": {
        "bin": "/nix/store/lmpnr58n2diy0hhdkzjn8ndlskrhyrx2-glibc-2.40-66-bin",
        "debug": "/nix/store/0mbrcgwin2jzfax6vvb3y1964qf0wny5-glibc-2.40-66-debug",
        "dev": "/nix/store/21hfs53hjb8spgp3558dn7cr0phs38kf-glibc-2.40-66-dev",
        "getent": "/nix/store/zwss4n52akml2ywl3g1jgr3fywwsbxh2-glibc-2.40-66-getent",
        "out": "/nix/store/nl55hbsk5fjq2kyz3rkry1flndqfr3ry-glibc-2.40-66",
        "static": "/nix/store/q47q8m5swkc0ylrlc8svfwan6hmkynsi-glibc-2.40-66-static"
      },
      "system": "aarch64-linux",
      "group": "toplevel",
      "priority": 5
    },
    {
      "attr_path": "glibc",
      "broken": false,
      "derivation": "/nix/store/f1305aqkwkvrpxy69rxbvs54ixmlm1dq-glibc-2.40-66.drv",
      "description": "GNU C Library",
      "install_id": "glibc",
      "license": "LGPL-2.0-or-later",
      "locked_url": "https://github.com/flox/nixpkgs?rev=7df7ff7d8e00218376575f0acdcc5d66741351ee",
      "name": "glibc-2.40-66",
      "pname": "glibc",
      "rev": "7df7ff7d8e00218376575f0acdcc5d66741351ee",
      "rev_count": 870157,
      "rev_date": "2025-10-02T04:57:58Z",
      "scrape_date": "2025-10-03T05:27:33.170164Z",
      "stabilities": [
        "staging",
        "unstable"
      ],
      "unfree": false,
      "version": "2.40-66",
      "outputs_to_install": [
        "bin"
      ],
      "outputs": {
        "bin": "/nix/store/4jxivbjpr86wmsziqlf7iljlwjlxz8bh-glibc-2.40-66-bin",
        "debug": "/nix/store/8z9gaz21k7n1p1ck771j72znq0gi2kwk-glibc-2.40-66-debug",
        "dev": "/nix/store/gf3wh0x0rzb1dkx0wx1jvmipydwfzzd5-glibc-2.40-66-dev",
        "getent": "/nix/store/n2k28lkawd29rjds56jnyq70pbdknilc-glibc-2.40-66-getent",
        "out": "/nix/store/776irwlgfb65a782cxmyk61pck460fs9-glibc-2.40-66",
        "static": "/nix/store/3cb2nbc588k52q5nv6hrb3qq4fh4hq00-glibc-2.40-66-static"
      },
      "system": "x86_64-linux",
      "group": "toplevel",
      "priority": 5
    }
  ]
}